Microsoft Visual Studio Solution File, Format Version 12.00
# Visual Studio Version 17
VisualStudioVersion = 17.9.34714.143
MinimumVisualStudioVersion = 10.0.40219.1
Project("{9A19103F-16F7-4668-BE54-9A1E7A4F7556}") = "CoreGateway.Dispatcher", "CoreGateway.Dispatcher\CoreGateway.Dispatcher.csproj", "{6EFB0B77-48C8-496C-802B-FE8A9541A647}"
EndProject
Project("{9A19103F-16F7-4668-BE54-9A1E7A4F7556}") = "CoreGateway.Worker", "CoreGateway.Worker\CoreGateway.Worker.csproj", "{6A958B4F-C341-4439-B39F-99FF1149437E}"
EndProject
Project("{9A19103F-16F7-4668-BE54-9A1E7A4F7556}") = "CoreGateway.Messages", "CoreGateway.Messages\CoreGateway.Messages.csproj", "{A1C9F019-4D7E-4599-A543-E0516503ECAF}"
EndProject
Project("{9A19103F-16F7-4668-BE54-9A1E7A4F7556}") = "CoreGateway.Storage.Service", "CoreGateway.Storage.Service\CoreGateway.Storage.Service.csproj", "{3DF92B87-A25B-4239-905F-2A46154EAC8A}"
EndProject
Project("{9A19103F-16F7-4668-BE54-9A1E7A4F7556}") = "CoreGateway.Storage.Client", "CoreGateway.Storage.Client\CoreGateway.Storage.Client.csproj", "{0C0930BC-16F3-4545-AFCF-F04DFB83853D}"
EndProject
Project("{FAE04EC0-301F-11D3-BF4B-00C04F79EFBC}") = "Rebus.NatsJetStream", "Rebus.NatsJetStream\Rebus.NatsJetStream.csproj", "{2C265D30-122B-4661-9796-B8BDCC1BDAC3}"
EndProject
Global
	GlobalSection(SolutionConfigurationPlatforms) = preSolution
		Debug|Any CPU = Debug|Any CPU
		Release|Any CPU = Release|Any CPU
	EndGlobalSection
	GlobalSection(ProjectConfigurationPlatforms) = postSolution
		{2C265D30-122B-4661-9796-B8BDCC1BDAC3}.Debug|Any CPU.ActiveCfg = Debug|Any CPU
		{2C265D30-122B-4661-9796-B8BDCC1BDAC3}.Debug|Any CPU.Build.0 = Debug|Any CPU
		{2C265D30-122B-4661-9796-B8BDCC1BDAC3}.Release|Any CPU.ActiveCfg = Release|Any CPU
		{2C265D30-122B-4661-9796-B8BDCC1BDAC3}.Release|Any CPU.Build.0 = Release|Any CPU
		{6EFB0B77-48C8-496C-802B-FE8A9541A647}.Debug|Any CPU.ActiveCfg = Debug|Any CPU
		{6EFB0B77-48C8-496C-802B-FE8A9541A647}.Debug|Any CPU.Build.0 = Debug|Any CPU
		{6EFB0B77-48C8-496C-802B-FE8A9541A647}.Release|Any CPU.ActiveCfg = Release|Any CPU
		{6EFB0B77-48C8-496C-802B-FE8A9541A647}.Release|Any CPU.Build.0 = Release|Any CPU
		{6A958B4F-C341-4439-B39F-99FF1149437E}.Debug|Any CPU.ActiveCfg = Debug|Any CPU
		{6A958B4F-C341-4439-B39F-99FF1149437E}.Debug|Any CPU.Build.0 = Debug|Any CPU
		{6A958B4F-C341-4439-B39F-99FF1149437E}.Release|Any CPU.ActiveCfg = Release|Any CPU
		{6A958B4F-C341-4439-B39F-99FF1149437E}.Release|Any CPU.Build.0 = Release|Any CPU
		{A1C9F019-4D7E-4599-A543-E0516503ECAF}.Debug|Any CPU.ActiveCfg = Debug|Any CPU
		{A1C9F019-4D7E-4599-A543-E0516503ECAF}.Debug|Any CPU.Build.0 = Debug|Any CPU
		{A1C9F019-4D7E-4599-A543-E0516503ECAF}.Release|Any CPU.ActiveCfg = Release|Any CPU
		{A1C9F019-4D7E-4599-A543-E0516503ECAF}.Release|Any CPU.Build.0 = Release|Any CPU
		{3DF92B87-A25B-4239-905F-2A46154EAC8A}.Debug|Any CPU.ActiveCfg = Debug|Any CPU
		{3DF92B87-A25B-4239-905F-2A46154EAC8A}.Debug|Any CPU.Build.0 = Debug|Any CPU
		{3DF92B87-A25B-4239-905F-2A46154EAC8A}.Release|Any CPU.ActiveCfg = Release|Any CPU
		{3DF92B87-A25B-4239-905F-2A46154EAC8A}.Release|Any CPU.Build.0 = Release|Any CPU
		{0C0930BC-16F3-4545-AFCF-F04DFB83853D}.Debug|Any CPU.ActiveCfg = Debug|Any CPU
		{0C0930BC-16F3-4545-AFCF-F04DFB83853D}.Debug|Any CPU.Build.0 = Debug|Any CPU
		{0C0930BC-16F3-4545-AFCF-F04DFB83853D}.Release|Any CPU.ActiveCfg = Release|Any CPU
		{0C0930BC-16F3-4545-AFCF-F04DFB83853D}.Release|Any CPU.Build.0 = Release|Any CPU
	EndGlobalSection
	GlobalSection(SolutionProperties) = preSolution
		HideSolutionNode = FALSE
	EndGlobalSection
	GlobalSection(ExtensibilityGlobals) = postSolution
		SolutionGuid = {3411046D-9E1B-419F-BBFB-66D23C8DF970}
	EndGlobalSection
EndGlobal
